
Microsoft Visual Studio Solution File, Format Version 12.00
# Visual Studio 14
VisualStudioVersion = 14.0.25123.0
MinimumVisualStudioVersion = 10.0.40219.1
Project("{FAE04EC0-301F-11D3-BF4B-00C04F79EFBC}") = "TeamMakerHost", "TeamMakerHost\TeamMakerHost.csproj", "{24E97CDB-3CD8-47B4-B8D3-D3DE8C08DD79}"
EndProject
Project("{FAE04EC0-301F-11D3-BF4B-00C04F79EFBC}") = "TeamMakerEngine", "TeamMakerEngine\TeamMakerEngine.csproj", "{2E364DD2-07C8-4E63-81BF-727124BC1306}"
EndProject
Project("{FAE04EC0-301F-11D3-BF4B-00C04F79EFBC}") = "TeamMakerEngine.Test", "TeamMakerEngine.Test\TeamMakerEngine.Test.csproj", "{E3EAF9DB-DCC3-4AC3-A2D7-504B58D9CF79}"
EndProject
Global
	GlobalSection(SolutionConfigurationPlatforms) = preSolution
		Debug|Any CPU = Debug|Any CPU
		Release|Any CPU = Release|Any CPU
	EndGlobalSection
	GlobalSection(ProjectConfigurationPlatforms) = postSolution
		{24E97CDB-3CD8-47B4-B8D3-D3DE8C08DD79}.Debug|Any CPU.ActiveCfg = Debug|Any CPU
		{24E97CDB-3CD8-47B4-B8D3-D3DE8C08DD79}.Debug|Any CPU.Build.0 = Debug|Any CPU
		{24E97CDB-3CD8-47B4-B8D3-D3DE8C08DD79}.Release|Any CPU.ActiveCfg = Release|Any CPU
		{24E97CDB-3CD8-47B4-B8D3-D3DE8C08DD79}.Release|Any CPU.Build.0 = Release|Any CPU
		{2E364DD2-07C8-4E63-81BF-727124BC1306}.Debug|Any CPU.ActiveCfg = Debug|Any CPU
		{2E364DD2-07C8-4E63-81BF-727124BC1306}.Debug|Any CPU.Build.0 = Debug|Any CPU
		{2E364DD2-07C8-4E63-81BF-727124BC1306}.Release|Any CPU.ActiveCfg = Release|Any CPU
		{2E364DD2-07C8-4E63-81BF-727124BC1306}.Release|Any CPU.Build.0 = Release|Any CPU
		{E3EAF9DB-DCC3-4AC3-A2D7-504B58D9CF79}.Debug|Any CPU.ActiveCfg = Debug|Any CPU
		{E3EAF9DB-DCC3-4AC3-A2D7-504B58D9CF79}.Debug|Any CPU.Build.0 = Debug|Any CPU
		{E3EAF9DB-DCC3-4AC3-A2D7-504B58D9CF79}.Release|Any CPU.ActiveCfg = Release|Any CPU
		{E3EAF9DB-DCC3-4AC3-A2D7-504B58D9CF79}.Release|Any CPU.Build.0 = Release|Any CPU
	EndGlobalSection
	GlobalSection(SolutionProperties) = preSolution
		HideSolutionNode = FALSE
	EndGlobalSection
EndGlobal
